
Microsoft Visual Studio Solution File, Format Version 11.00
# Visual Studio 2010
# SharpDevelop 5.1
Project("{FAE04EC0-301F-11D3-BF4B-00C04F79EFBC}") = "SVG2VectorDrawable", "SVG2VectorDrawable\SVG2VectorDrawable.csproj", "{24E0D230-CF0A-492F-AD8D-9B8E9EB18E40}"
EndProject
Global
	GlobalSection(SolutionConfigurationPlatforms) = preSolution
		Debug|Any CPU = Debug|Any CPU
		Release|Any CPU = Release|Any CPU
	EndGlobalSection
	GlobalSection(ProjectConfigurationPlatforms) = postSolution
		{24E0D230-CF0A-492F-AD8D-9B8E9EB18E40}.Debug|Any CPU.ActiveCfg = Debug|Any CPU
		{24E0D230-CF0A-492F-AD8D-9B8E9EB18E40}.Debug|Any CPU.Build.0 = Debug|Any CPU
		{24E0D230-CF0A-492F-AD8D-9B8E9EB18E40}.Release|Any CPU.ActiveCfg = Release|Any CPU
		{24E0D230-CF0A-492F-AD8D-9B8E9EB18E40}.Release|Any CPU.Build.0 = Release|Any CPU
	EndGlobalSection
EndGlobal
